
Microsoft Visual Studio Solution File, Format Version 12.00
# Visual Studio Version 17
VisualStudioVersion = 17.1.32228.430
MinimumVisualStudioVersion = 10.0.40219.1
Project("{8BC9CEB8-8B4A-11D0-8D11-00A0C91BC942}") = "Motorex Prototype C++", "Motorex Prototype C++\Motorex Prototype C++.vcxproj", "{85602CFF-56BA-4335-97DF-F81884334F0D}"
EndProject
Global
	GlobalSection(SolutionConfigurationPlatforms) = preSolution
		Debug|x64 = Debug|x64
		Debug|x86 = Debug|x86
		Release|x64 = Release|x64
		Release|x86 = Release|x86
	EndGlobalSection
	GlobalSection(ProjectConfigurationPlatforms) = postSolution
		{85602CFF-56BA-4335-97DF-F81884334F0D}.Debug|x64.ActiveCfg = Debug|x64
		{85602CFF-56BA-4335-97DF-F81884334F0D}.Debug|x64.Build.0 = Debug|x64
		{85602CFF-56BA-4335-97DF-F81884334F0D}.Debug|x86.ActiveCfg = Debug|Win32
		{85602CFF-56BA-4335-97DF-F81884334F0D}.Debug|x86.Build.0 = Debug|Win32
		{85602CFF-56BA-4335-97DF-F81884334F0D}.Release|x64.ActiveCfg = Release|x64
		{85602CFF-56BA-4335-97DF-F81884334F0D}.Release|x64.Build.0 = Release|x64
		{85602CFF-56BA-4335-97DF-F81884334F0D}.Release|x86.ActiveCfg = Release|Win32
		{85602CFF-56BA-4335-97DF-F81884334F0D}.Release|x86.Build.0 = Release|Win32
	EndGlobalSection
	GlobalSection(SolutionProperties) = preSolution
		HideSolutionNode = FALSE
	EndGlobalSection
	GlobalSection(ExtensibilityGlobals) = postSolution
		SolutionGuid = {5ECEACD9-D056-4091-8D82-E789161DB30A}
	EndGlobalSection
EndGlobal
